
Microsoft Visual Studio Solution File, Format Version 12.00
# Visual Studio Version 17
VisualStudioVersion = 17.2.32526.322
MinimumVisualStudioVersion = 10.0.40219.1
Project("{FAE04EC0-301F-11D3-BF4B-00C04F79EFBC}") = "FOS", "FOS\FOS.csproj", "{664DD22F-CEE4-4BBA-A74D-AD8E36AA3363}"
EndProject
Global
	GlobalSection(SolutionConfigurationPlatforms) = preSolution
		Debug|Any CPU = Debug|Any CPU
		Release|Any CPU = Release|Any CPU
	EndGlobalSection
	GlobalSection(ProjectConfigurationPlatforms) = postSolution
		{664DD22F-CEE4-4BBA-A74D-AD8E36AA3363}.Debug|Any CPU.ActiveCfg = Debug|Any CPU
		{664DD22F-CEE4-4BBA-A74D-AD8E36AA3363}.Debug|Any CPU.Build.0 = Debug|Any CPU
		{664DD22F-CEE4-4BBA-A74D-AD8E36AA3363}.Release|Any CPU.ActiveCfg = Release|Any CPU
		{664DD22F-CEE4-4BBA-A74D-AD8E36AA3363}.Release|Any CPU.Build.0 = Release|Any CPU
	EndGlobalSection
	GlobalSection(SolutionProperties) = preSolution
		HideSolutionNode = FALSE
	EndGlobalSection
	GlobalSection(ExtensibilityGlobals) = postSolution
		SolutionGuid = {CAA521EF-12E2-416A-8749-E3EBAE606215}
	EndGlobalSection
EndGlobal
